// !$*UTF8*$!
{
	archiveVersion = 1;
	classes = {
	};
	objectVersion = 46;
	objects = {

/* Begin PBXBuildFile section */
		AF149B961CD7CB2F005FBB9B /* AppDelegate.swift in Sources */ = {isa = PBXBuildFile; fileRef = AF149B951CD7CB2F005FBB9B /* AppDelegate.swift */; };
		AF149B981CD7CB2F005FBB9B /* ViewController.swift in Sources */ = {isa = PBXBuildFile; fileRef = AF149B971CD7CB2F005FBB9B /* ViewController.swift */; };
		AF149B9B1CD7CB2F005FBB9B /* Main.storyboard in Resources */ = {isa = PBXBuildFile; fileRef = AF149B991CD7CB2F005FBB9B /* Main.storyboard */; };
		AF149B9D1CD7CB2F005FBB9B /* Assets.xcassets in Resources */ = {isa = PBXBuildFile; fileRef = AF149B9C1CD7CB2F005FBB9B /* Assets.xcassets */; };
		AF149BA01CD7CB2F005FBB9B /* LaunchScreen.storyboard in Resources */ = {isa = PBXBuildFile; fileRef = AF149B9E1CD7CB2F005FBB9B /* LaunchScreen.storyboard */; };
		AF3A517A1CDA66600023AE27 /* SongCell.swift in Sources */ = {isa = PBXBuildFile; fileRef = AF3A51791CDA66600023AE27 /* SongCell.swift */; };
		AFF9A5481CDFBE0F00132C3E /* ObjectAL in Resources */ = {isa = PBXBuildFile; fileRef = AFF9A5471CDFBE0F00132C3E /* ObjectAL */; };
		AFF9A54A1CDFC49300132C3E /* OpenAL.framework in Frameworks */ = {isa = PBXBuildFile; fileRef = AFF9A5491CDFC49300132C3E /* OpenAL.framework */; };
		AFF9A54C1CDFC4FC00132C3E /* AudioToolbox.framework in Frameworks */ = {isa = PBXBuildFile; fileRef = AFF9A54B1CDFC4FC00132C3E /* AudioToolbox.framework */; };
		AFF9A54E1CDFC50F00132C3E /* AVFoundation.framework in Frameworks */ = {isa = PBXBuildFile; fileRef = AFF9A54D1CDFC50F00132C3E /* AVFoundation.framework */; };
		AFF9A5501CE0310000132C3E /* LMAudioPlayer.swift in Sources */ = {isa = PBXBuildFile; fileRef = AFF9A54F1CE0310000132C3E /* LMAudioPlayer.swift */; };
/* End PBXBuildFile section */

/* Begin PBXFileReference section */
		AF149B921CD7CB2F005FBB9B /* Song Morph.app */ = {isa = PBXFileReference; explicitFileType = wrapper.application; includeInIndex = 0; path = "Song Morph.app"; sourceTree = BUILT_PRODUCTS_DIR; };
		AF149B951CD7CB2F005FBB9B /* AppDelegate.swift */ = {isa = PBXFileReference; lastKnownFileType = sourcecode.swift; path = AppDelegate.swift; sourceTree = "<group>"; };
		AF149B971CD7CB2F005FBB9B /* ViewController.swift */ = {isa = PBXFileReference; lastKnownFileType = sourcecode.swift; path = ViewController.swift; sourceTree = "<group>"; };
		AF149B9A1CD7CB2F005FBB9B /* Base */ = {isa = PBXFileReference; lastKnownFileType = file.storyboard; name = Base; path = Base.lproj/Main.storyboard; sourceTree = "<group>"; };
		AF149B9C1CD7CB2F005FBB9B /* Assets.xcassets */ = {isa = PBXFileReference; lastKnownFileType = folder.assetcatalog; path = Assets.xcassets; sourceTree = "<group>"; };
		AF149B9F1CD7CB2F005FBB9B /* Base */ = {isa = PBXFileReference; lastKnownFileType = file.storyboard; name = Base; path = Base.lproj/LaunchScreen.storyboard; sourceTree = "<group>"; };
		AF149BA11CD7CB30005FBB9B /* Info.plist */ = {isa = PBXFileReference; lastKnownFileType = text.plist.xml; path = Info.plist; sourceTree = "<group>"; };
		AF3A51791CDA66600023AE27 /* SongCell.swift */ = {isa = PBXFileReference; fileEncoding = 4; lastKnownFileType = sourcecode.swift; path = SongCell.swift; sourceTree = "<group>"; };
		AFF9A5471CDFBE0F00132C3E /* ObjectAL */ = {isa = PBXFileReference; lastKnownFileType = folder; path = ObjectAL; sourceTree = "<group>"; };
		AFF9A5491CDFC49300132C3E /* OpenAL.framework */ = {isa = PBXFileReference; lastKnownFileType = wrapper.framework; path = OpenAL.framework; sourceTree = "<group>"; };
		AFF9A54B1CDFC4FC00132C3E /* AudioToolbox.framework */ = {isa = PBXFileReference; lastKnownFileType = wrapper.framework; path = AudioToolbox.framework; sourceTree = "<group>"; };
		AFF9A54D1CDFC50F00132C3E /* AVFoundation.framework */ = {isa = PBXFileReference; lastKnownFileType = wrapper.framework; path = AVFoundation.framework; sourceTree = "<group>"; };
		AFF9A54F1CE0310000132C3E /* LMAudioPlayer.swift */ = {isa = PBXFileReference; fileEncoding = 4; lastKnownFileType = sourcecode.swift; path = LMAudioPlayer.swift; sourceTree = "<group>"; };
/* End PBXFileReference section */

/* Begin PBXFrameworksBuildPhase section */
		AF149B8F1CD7CB2F005FBB9B /* Frameworks */ = {
			isa = PBXFrameworksBuildPhase;
			buildActionMask = 2147483647;
			files = (
				AFF9A54A1CDFC49300132C3E /* OpenAL.framework in Frameworks */,
				AFF9A54C1CDFC4FC00132C3E /* AudioToolbox.framework in Frameworks */,
				AFF9A54E1CDFC50F00132C3E /* AVFoundation.framework in Frameworks */,
			);
			runOnlyForDeploymentPostprocessing = 0;
		};
/* End PBXFrameworksBuildPhase section */

/* Begin PBXGroup section */
		AF149B891CD7CB2E005FBB9B = {
			isa = PBXGroup;
			children = (
				AF149B941CD7CB2F005FBB9B /* Song Morph */,
				AF149B931CD7CB2F005FBB9B /* Products */,
			);
			sourceTree = "<group>";
		};
		AF149B931CD7CB2F005FBB9B /* Products */ = {
			isa = PBXGroup;
			children = (
				AF149B921CD7CB2F005FBB9B /* Song Morph.app */,
			);
			name = Products;
			sourceTree = "<group>";
		};
		AF149B941CD7CB2F005FBB9B /* Song Morph */ = {
			isa = PBXGroup;
			children = (
				AF2E32291CE6586800878D05 /* Resources */,
				AF149B951CD7CB2F005FBB9B /* AppDelegate.swift */,
				AF149B971CD7CB2F005FBB9B /* ViewController.swift */,
				AF149B991CD7CB2F005FBB9B /* Main.storyboard */,
				AF149B9C1CD7CB2F005FBB9B /* Assets.xcassets */,
				AF149B9E1CD7CB2F005FBB9B /* LaunchScreen.storyboard */,
				AF149BA11CD7CB30005FBB9B /* Info.plist */,
				AF3A51791CDA66600023AE27 /* SongCell.swift */,
				AFF9A5471CDFBE0F00132C3E /* ObjectAL */,
				AFF9A54F1CE0310000132C3E /* LMAudioPlayer.swift */,
			);
			path = "Song Morph";
			sourceTree = "<group>";
		};
		AF2E32291CE6586800878D05 /* Resources */ = {
			isa = PBXGroup;
			children = (
				AFF9A5491CDFC49300132C3E /* OpenAL.framework */,
				AFF9A54B1CDFC4FC00132C3E /* AudioToolbox.framework */,
				AFF9A54D1CDFC50F00132C3E /* AVFoundation.framework */,
			);
			name = Resources;
			sourceTree = "<group>";
		};
/* End PBXGroup section */

/* Begin PBXNativeTarget section */
		AF149B911CD7CB2F005FBB9B /* Song Morph */ = {
			isa = PBXNativeTarget;
			buildConfigurationList = AF149BA41CD7CB30005FBB9B /* Build configuration list for PBXNativeTarget "Song Morph" */;
			buildPhases = (
				AF149B8E1CD7CB2F005FBB9B /* Sources */,
				AF149B8F1CD7CB2F005FBB9B /* Frameworks */,
				AF149B901CD7CB2F005FBB9B /* Resources */,
			);
			buildRules = (
			);
			dependencies = (
			);
			name = "Song Morph";
			productName = "Song Morph";
			productReference = AF149B921CD7CB2F005FBB9B /* Song Morph.app */;
			productType = "com.apple.product-type.application";
		};
/* End PBXNativeTarget section */

/* Begin PBXProject section */
		AF149B8A1CD7CB2E005FBB9B /* Project object */ = {
			isa = PBXProject;
			attributes = {
				LastSwiftUpdateCheck = 0730;
				LastUpgradeCheck = 0730;
				ORGANIZATIONNAME = "Luke Morse";
				TargetAttributes = {
					AF149B911CD7CB2F005FBB9B = {
						CreatedOnToolsVersion = 7.3;
						DevelopmentTeam = 48WGY8KFKT;
					};
				};
			};
			buildConfigurationList = AF149B8D1CD7CB2E005FBB9B /* Build configuration list for PBXProject "Song Morph" */;
			compatibilityVersion = "Xcode 3.2";
			developmentRegion = English;
			hasScannedForEncodings = 0;
			knownRegions = (
				en,
				Base,
			);
			mainGroup = AF149B891CD7CB2E005FBB9B;
			productRefGroup = AF149B931CD7CB2F005FBB9B /* Products */;
			projectDirPath = "";
			projectRoot = "";
			targets = (
				AF149B911CD7CB2F005FBB9B /* Song Morph */,
			);
		};
/* End PBXProject section */

/* Begin PBXResourcesBuildPhase section */
		AF149B901CD7CB2F005FBB9B /* Resources */ = {
			isa = PBXResourcesBuildPhase;
			buildActionMask = 2147483647;
			files = (
				AFF9A5481CDFBE0F00132C3E /* ObjectAL in Resources */,
				AF149BA01CD7CB2F005FBB9B /* LaunchScreen.storyboard in Resources */,
				AF149B9D1CD7CB2F005FBB9B /* Assets.xcassets in Resources */,
				AF149B9B1CD7CB2F005FBB9B /* Main.storyboard in Resources */,
			);
			runOnlyForDeploymentPostprocessing = 0;
		};
/* End PBXResourcesBuildPhase section */

/* Begin PBXSourcesBuildPhase section */
		AF149B8E1CD7CB2F005FBB9B /* Sources */ = {
			isa = PBXSourcesBuildPhase;
			buildActionMask = 2147483647;
			files = (
				AF149B981CD7CB2F005FBB9B /* ViewController.swift in Sources */,
				AF3A517A1CDA66600023AE27 /* SongCell.swift in Sources */,
				AFF9A5501CE0310000132C3E /* LMAudioPlayer.swift in Sources */,
				AF149B961CD7CB2F005FBB9B /* AppDelegate.swift in Sources */,
			);
			runOnlyForDeploymentPostprocessing = 0;
		};
/* End PBXSourcesBuildPhase section */

/* Begin PBXVariantGroup section */
		AF149B991CD7CB2F005FBB9B /* Main.storyboard */ = {
			isa = PBXVariantGroup;
			children = (
				AF149B9A1CD7CB2F005FBB9B /* Base */,
			);
			name = Main.storyboard;
			sourceTree = "<group>";
		};
		AF149B9E1CD7CB2F005FBB9B /* LaunchScreen.storyboard */ = {
			isa = PBXVariantGroup;
			children = (
				AF149B9F1CD7CB2F005FBB9B /* Base */,
			);
			name = LaunchScreen.storyboard;
			sourceTree = "<group>";
		};
/* End PBXVariantGroup section */

/* Begin XCBuildConfiguration section */
		AF149BA21CD7CB30005FBB9B /* Debug */ = {
			isa = XCBuildConfiguration;
			buildSettings = {
				ALWAYS_SEARCH_USER_PATHS = NO;
				CLANG_ANALYZER_NONNULL = YES;
				CLANG_CXX_LANGUAGE_STANDARD = "gnu++0x";
				CLANG_CXX_LIBRARY = "libc++";
				CLANG_ENABLE_MODULES = YES;
				CLANG_ENABLE_OBJC_ARC = YES;
				CLANG_WARN_BOOL_CONVERSION = YES;
				CLANG_WARN_CONSTANT_CONVERSION = YES;
				CLANG_WARN_DIRECT_OBJC_ISA_USAGE = YES_ERROR;
				CLANG_WARN_EMPTY_BODY = YES;
				CLANG_WARN_ENUM_CONVERSION = YES;
				CLANG_WARN_INT_CONVERSION = YES;
				CLANG_WARN_OBJC_ROOT_CLASS = YES_ERROR;
				CLANG_WARN_UNREACHABLE_CODE = YES;
				CLANG_WARN__DUPLICATE_METHOD_MATCH = YES;
				"CODE_SIGN_IDENTITY[sdk=iphoneos*]" = "iPhone Developer";
				COPY_PHASE_STRIP = NO;
				DEBUG_INFORMATION_FORMAT = dwarf;
				ENABLE_STRICT_OBJC_MSGSEND = YES;
				ENABLE_TESTABILITY = YES;
				GCC_C_LANGUAGE_STANDARD = gnu99;
				GCC_DYNAMIC_NO_PIC = NO;
				GCC_NO_COMMON_BLOCKS = YES;
				GCC_OPTIMIZATION_LEVEL = 0;
				GCC_PREPROCESSOR_DEFINITIONS = (
					"DEBUG=1",
					"$(inherited)",
				);
				GCC_WARN_64_TO_32_BIT_CONVERSION = YES;
				GCC_WARN_ABOUT_RETURN_TYPE = YES_ERROR;
				GCC_WARN_UNDECLARED_SELECTOR = YES;
				GCC_WARN_UNINITIALIZED_AUTOS = YES_AGGRESSIVE;
				GCC_WARN_UNUSED_FUNCTION = YES;
				GCC_WARN_UNUSED_VARIABLE = YES;
				IPHONEOS_DEPLOYMENT_TARGET = 9.3;
				MTL_ENABLE_DEBUG_INFO = YES;
				ONLY_ACTIVE_ARCH = YES;
				SDKROOT = iphoneos;
				SWIFT_OPTIMIZATION_LEVEL = "-Onone";
				TARGETED_DEVICE_FAMILY = "1,2";
			};
			name = Debug;
		};
		AF149BA31CD7CB30005FBB9B /* Release */ = {
			isa = XCBuildConfiguration;
			buildSettings = {
				ALWAYS_SEARCH_USER_PATHS = NO;
				CLANG_ANALYZER_NONNULL = YES;
				CLANG_CXX_LANGUAGE_STANDARD = "gnu++0x";
				CLANG_CXX_LIBRARY = "libc++";
				CLANG_ENABLE_MODULES = YES;
				CLANG_ENABLE_OBJC_ARC = YES;
				CLANG_WARN_BOOL_CONVERSION = YES;
				CLANG_WARN_CONSTANT_CONVERSION = YES;
				CLANG_WARN_DIRECT_OBJC_ISA_USAGE = YES_ERROR;
				CLANG_WARN_EMPTY_BODY = YES;
				CLANG_WARN_ENUM_CONVERSION = YES;
				CLANG_WARN_INT_CONVERSION = YES;
				CLANG_WARN_OBJC_ROOT_CLASS = YES_ERROR;
				CLANG_WARN_UNREACHABLE_CODE = YES;
				CLANG_WARN__DUPLICATE_METHOD_MATCH = YES;
				"CODE_SIGN_IDENTITY[sdk=iphoneos*]" = "iPhone Developer";
				COPY_PHASE_STRIP = NO;
				DEBUG_INFORMATION_FORMAT = "dwarf-with-dsym";
				ENABLE_NS_ASSERTIONS = NO;
				ENABLE_STRICT_OBJC_MSGSEND = YES;
				GCC_C_LANGUAGE_STANDARD = gnu99;
				GCC_NO_COMMON_BLOCKS = YES;
				GCC_WARN_64_TO_32_BIT_CONVERSION = YES;
				GCC_WARN_ABOUT_RETURN_TYPE = YES_ERROR;
				GCC_WARN_UNDECLARED_SELECTOR = YES;
				GCC_WARN_UNINITIALIZED_AUTOS = YES_AGGRESSIVE;
				GCC_WARN_UNUSED_FUNCTION = YES;
				GCC_WARN_UNUSED_VARIABLE = YES;
				IPHONEOS_DEPLOYMENT_TARGET = 9.3;
				MTL_ENABLE_DEBUG_INFO = NO;
				SDKROOT = iphoneos;
				TARGETED_DEVICE_FAMILY = "1,2";
				VALIDATE_PRODUCT = YES;
			};
			name = Release;
		};
		AF149BA51CD7CB30005FBB9B /* Debug */ = {
			isa = XCBuildConfiguration;
			buildSettings = {
				ASSETCATALOG_COMPILER_APPICON_NAME = AppIcon;
				CODE_SIGN_IDENTITY = "iPhone Developer";
				"CODE_SIGN_IDENTITY[sdk=iphoneos*]" = "iPhone Developer";
				FRAMEWORK_SEARCH_PATHS = (
					"$(inherited)",
					"$(PROJECT_DIR)/Song",
					Morph,
				);
				INFOPLIST_FILE = "Song Morph/Info.plist";
				LD_RUNPATH_SEARCH_PATHS = "$(inherited) @executable_path/Frameworks";
				PRODUCT_BUNDLE_IDENTIFIER = com.Lukemorse.lukesTableView;
				PRODUCT_NAME = "$(TARGET_NAME)";
				PROVISIONING_PROFILE = "";
			};
			name = Debug;
		};
		AF149BA61CD7CB30005FBB9B /* Release */ = {
			isa = XCBuildConfiguration;
			buildSettings = {
				ASSETCATALOG_COMPILER_APPICON_NAME = AppIcon;
				CODE_SIGN_IDENTITY = "iPhone Developer";
				"CODE_SIGN_IDENTITY[sdk=iphoneos*]" = "iPhone Developer";
				FRAMEWORK_SEARCH_PATHS = (
					"$(inherited)",
					"$(PROJECT_DIR)/Song",
					Morph,
				);
				INFOPLIST_FILE = "Song Morph/Info.plist";
				LD_RUNPATH_SEARCH_PATHS = "$(inherited) @executable_path/Frameworks";
				PRODUCT_BUNDLE_IDENTIFIER = com.Lukemorse.lukesTableView;
				PRODUCT_NAME = "$(TARGET_NAME)";
				PROVISIONING_PROFILE = "";
			};
			name = Release;
		};
/* End XCBuildConfiguration section */

/* Begin XCConfigurationList section */
		AF149B8D1CD7CB2E005FBB9B /* Build configuration list for PBXProject "Song Morph" */ = {
			isa = XCConfigurationList;
			buildConfigurations = (
				AF149BA21CD7CB30005FBB9B /* Debug */,
				AF149BA31CD7CB30005FBB9B /* Release */,
			);
			defaultConfigurationIsVisible = 0;
			defaultConfigurationName = Release;
		};
		AF149BA41CD7CB30005FBB9B /* Build configuration list for PBXNativeTarget "Song Morph" */ = {
			isa = XCConfigurationList;
			buildConfigurations = (
				AF149BA51CD7CB30005FBB9B /* Debug */,
				AF149BA61CD7CB30005FBB9B /* Release */,
			);
			defaultConfigurationIsVisible = 0;
			defaultConfigurationName = Release;
		};
/* End XCConfigurationList section */
	};
	rootObject = AF149B8A1CD7CB2E005FBB9B /* Project object */;
}
